{
    "_readme": [
        "This file locks the dependencies of your project to a known state",
        "Read more about it at https://getcomposer.org/doc/01-basic-usage.md#composer-lock-the-lock-file",
        "This file is @generated automatically"
    ],
    "content-hash": "1ece1efd0d9556173e0640118e0d3a87",
    "packages": [
        {
            "name": "justinrainbow/json-schema",
            "version": "5.2.8",
            "source": {
                "type": "git",
                "url": "https://github.com/justinrainbow/json-schema.git",
                "reference": "dcb6e1006bb5fd1e392b4daa68932880f37550d4"
            },
            "dist": {
                "type": "zip",
                "url": "https://api.github.com/repos/justinrainbow/json-schema/zipball/dcb6e1006bb5fd1e392b4daa68932880f37550d4",
                "reference": "dcb6e1006bb5fd1e392b4daa68932880f37550d4",
                "shasum": ""
            },
            "require": {
                "php": ">=5.3.3"
            },
            "require-dev": {
                "friendsofphp/php-cs-fixer": "~2.2.20",
                "json-schema/json-schema-test-suite": "1.2.0",
                "phpunit/phpunit": "^4.8.35"
            },
            "bin": [
                "bin/validate-json"
            ],
            "type": "library",
            "extra": {
                "branch-alias": {
                    "dev-master": "5.0.x-dev"
                }
            },
            "autoload": {
                "psr-4": {
                    "JsonSchema\\": "src/JsonSchema/"
                }
            },
            "notification-url": "https://packagist.org/downloads/",
            "license": [
                "MIT"
            ],
            "authors": [
                {
                    "name": "Bruno Prieto Reis",
                    "email": "bruno.p.reis@gmail.com"
                },
                {
                    "name": "Justin Rainbow",
                    "email": "justin.rainbow@gmail.com"
                },
                {
                    "name": "Igor Wiedler",
                    "email": "igor@wiedler.ch"
                },
                {
                    "name": "Robert Schönthal",
                    "email": "seroscho@googlemail.com"
                }
            ],
            "description": "A library to validate a json schema.",
            "homepage": "https://github.com/justinrainbow/json-schema",
            "keywords": [
                "json",
                "schema"
            ],
            "time": "2019-01-14T23:55:14+00:00"
        },
        {
            "name": "php-jsonpointer/php-jsonpointer",
            "version": "v3.0.2",
            "source": {
                "type": "git",
                "url": "https://github.com/raphaelstolt/php-jsonpointer.git",
                "reference": "4428f86c6f23846e9faa5a420c4ef14e485b3afb"
            },
            "dist": {
                "type": "zip",
                "url": "https://api.github.com/repos/raphaelstolt/php-jsonpointer/zipball/4428f86c6f23846e9faa5a420c4ef14e485b3afb",
                "reference": "4428f86c6f23846e9faa5a420c4ef14e485b3afb",
                "shasum": ""
            },
            "require": {
                "php": ">=5.4"
            },
            "require-dev": {
                "friendsofphp/php-cs-fixer": "^1.11",
                "phpunit/phpunit": "4.6.*"
            },
            "type": "library",
            "extra": {
                "branch-alias": {
                    "dev-master": "2.0.x-dev"
                }
            },
            "autoload": {
                "psr-0": {
                    "Rs\\Json": "src/"
                }
            },
            "notification-url": "https://packagist.org/downloads/",
            "license": [
                "MIT"
            ],
            "authors": [
                {
                    "name": "Raphael Stolt",
                    "email": "raphael.stolt@gmail.com",
                    "homepage": "http://raphaelstolt.blogspot.com/"
                }
            ],
            "description": "Implementation of JSON Pointer (http://tools.ietf.org/html/rfc6901)",
            "homepage": "https://github.com/raphaelstolt/php-jsonpointer",
            "keywords": [
                "json",
                "json pointer",
                "json traversal"
            ],
            "time": "2016-08-29T08:51:01+00:00"
        }
    ],
    "packages-dev": [],
    "aliases": [],
    "minimum-stability": "stable",
    "stability-flags": [],
    "prefer-stable": false,
    "prefer-lowest": false,
    "platform": [],
    "platform-dev": []
}
